{
  "name": "09-nextjs-database",
  "lockfileVersion": 3,
  "requires": true,
  "packages": {
    "": {
      "dependencies": {
        "add": "^2.0.6",
        "clsx": "^2.1.1",
        "hero": "^0.0.0",
        "icons": "^1.0.0"
      }
    },
    "node_modules/add": {
      "version": "2.0.6",
      "resolved": "https://registry.npmjs.org/add/-/add-2.0.6.tgz",
      "integrity": "sha512-j5QzrmsokwWWp6kUcJQySpbG+xfOBqqKnup3OIk1pz+kB/80SLorZ9V8zHFLO92Lcd+hbvq8bT+zOGoPkmBV0Q=="
    },
    "node_modules/clsx": {
      "version": "2.1.1",
      "resolved": "https://registry.npmjs.org/clsx/-/clsx-2.1.1.tgz",
      "integrity": "sha512-eYm0QWBtUrBWZWG0d386OGAw16Z995PiOVo2B7bjWSbHedGl5e0ZWaq65kOGgUSNesEIDkB9ISbTg/JK9dhCZA==",
      "engines": {
        "node": ">=6"
      }
    },
    "node_modules/hero": {
      "version": "0.0.0",
      "resolved": "https://registry.npmjs.org/hero/-/hero-0.0.0.tgz",
      "integrity": "sha512-JcSVCKigTH8T5JRcwl/2/1wdwLjngiOM7L5c6J2CAQG1luszfEu6SCHG+9hc3cnRqwJKSqVPsptlb5njYv3/0A==",
      "dependencies": {
        "rasper": "*"
      },
      "engines": {
        "node": ">=6"
      }
    },
    "node_modules/icons": {
      "version": "1.0.0",
      "resolved": "https://registry.npmjs.org/icons/-/icons-1.0.0.tgz",
      "integrity": "sha512-7POum3AHKovjEEXg4ITL2opTzGjnN2UnUIhv5LsUX+SjKBsFMjRyANShrCubt0KQdNdcX2wAym+JXOt6LceuYA==",
      "deprecated": "Package no longer supported. Contact support@npmjs.com for more info."
    },
    "node_modules/rasper": {
      "version": "0.2.10",
      "resolved": "https://registry.npmjs.org/rasper/-/rasper-0.2.10.tgz",
      "integrity": "sha512-h+8V5mztNi2HA+o8dy4x6k7FRrf+ONoLcX/gVoNfqq7WAUnttTQgHBhWKPLZeC96Txc8TT4+K7G0Bj7mlxRPYw==",
      "engines": {
        "node": "^12.18.0",
        "npm": "^6.14.5"
      }
    }
  }
}
